
Microsoft Visual Studio Solution File, Format Version 12.00
# Visual Studio Version 16
VisualStudioVersion = 16.0.30413.136
MinimumVisualStudioVersion = 10.0.40219.1
Project("{2150E333-8FDC-42A3-9474-1A3956D46DE8}") = "Services", "Services", "{F69F28D4-C2EA-47E5-81A5-B2C67155B97E}"
EndProject
Project("{2150E333-8FDC-42A3-9474-1A3956D46DE8}") = "WebApps", "WebApps", "{A33229DF-8A8F-4401-A5BB-F28E46783720}"
EndProject
Project("{2150E333-8FDC-42A3-9474-1A3956D46DE8}") = "Cadastros", "Cadastros", "{7379DC04-7CC9-47A9-AD17-C130876D40AD}"
EndProject
Project("{2150E333-8FDC-42A3-9474-1A3956D46DE8}") = "Catalogo", "Catalogo", "{E603CEA5-3AB1-40E3-A13E-D020E2B34BB9}"
EndProject
Project("{2150E333-8FDC-42A3-9474-1A3956D46DE8}") = "Core", "Core", "{2D410E26-9A37-47E2-8610-3B4CEC2AABF0}"
EndProject
Project("{2150E333-8FDC-42A3-9474-1A3956D46DE8}") = "Fiscal", "Fiscal", "{AD6707F3-7E6C-4C3F-BFDF-E60EB70794A8}"
EndProject
Project("{2150E333-8FDC-42A3-9474-1A3956D46DE8}") = "Pagamentos", "Pagamentos", "{86ED3B9A-346F-4502-8FE7-1382DBEAB00A}"
EndProject
Project("{2150E333-8FDC-42A3-9474-1A3956D46DE8}") = "Vendas", "Vendas", "{08406260-C82E-4866-B36F-54E5033BEDA7}"
EndProject
Project("{9A19103F-16F7-4668-BE54-9A1E7A4F7556}") = "WShopping.Catalogo.Domain", "src\WShopping.Catalogo.Domain\WShopping.Catalogo.Domain.csproj", "{552127F2-998A-43E9-8FB2-2FE92AC71ED6}"
EndProject
Project("{9A19103F-16F7-4668-BE54-9A1E7A4F7556}") = "WShopping.Core", "src\WShopping.Core\WShopping.Core.csproj", "{AA49D98E-9AC2-4CCA-96E9-50F8C66B683B}"
EndProject
Project("{2150E333-8FDC-42A3-9474-1A3956D46DE8}") = "tests", "tests", "{0F019A82-6EC0-464F-9003-18B9BC7EF17E}"
EndProject
Project("{9A19103F-16F7-4668-BE54-9A1E7A4F7556}") = "WShoppping.Catalogo.Domain.Tests", "tests\WShoppping.Catalogo.Domain.Tests\WShoppping.Catalogo.Domain.Tests.csproj", "{AD49670E-2F96-41CA-972D-BF5777FBC0A4}"
EndProject
Project("{9A19103F-16F7-4668-BE54-9A1E7A4F7556}") = "WShopping.Catalogo.Infra", "src\WShopping.Catalogo.Infra\WShopping.Catalogo.Infra.csproj", "{3F14A690-AAFC-48BE-AC9D-DE3DE7090B5A}"
EndProject
Project("{9A19103F-16F7-4668-BE54-9A1E7A4F7556}") = "WShopping.Catalogo.Application", "src\WShopping.Catalogo.Application\WShopping.Catalogo.Application.csproj", "{549114E4-DA7A-49E6-8DC0-6C707071CBB6}"
EndProject
Project("{FAE04EC0-301F-11D3-BF4B-00C04F79EFBC}") = "WShopping.Catalogo.MVC", "src\WShopping.Catalogo.MVC\WShopping.Catalogo.MVC.csproj", "{44B43225-F4DF-40CE-8695-64EC49998766}"
EndProject
Global
	GlobalSection(SolutionConfigurationPlatforms) = preSolution
		Debug|Any CPU = Debug|Any CPU
		Release|Any CPU = Release|Any CPU
	EndGlobalSection
	GlobalSection(ProjectConfigurationPlatforms) = postSolution
		{552127F2-998A-43E9-8FB2-2FE92AC71ED6}.Debug|Any CPU.ActiveCfg = Debug|Any CPU
		{552127F2-998A-43E9-8FB2-2FE92AC71ED6}.Debug|Any CPU.Build.0 = Debug|Any CPU
		{552127F2-998A-43E9-8FB2-2FE92AC71ED6}.Release|Any CPU.ActiveCfg = Release|Any CPU
		{552127F2-998A-43E9-8FB2-2FE92AC71ED6}.Release|Any CPU.Build.0 = Release|Any CPU
		{AA49D98E-9AC2-4CCA-96E9-50F8C66B683B}.Debug|Any CPU.ActiveCfg = Debug|Any CPU
		{AA49D98E-9AC2-4CCA-96E9-50F8C66B683B}.Debug|Any CPU.Build.0 = Debug|Any CPU
		{AA49D98E-9AC2-4CCA-96E9-50F8C66B683B}.Release|Any CPU.ActiveCfg = Release|Any CPU
		{AA49D98E-9AC2-4CCA-96E9-50F8C66B683B}.Release|Any CPU.Build.0 = Release|Any CPU
		{AD49670E-2F96-41CA-972D-BF5777FBC0A4}.Debug|Any CPU.ActiveCfg = Debug|Any CPU
		{AD49670E-2F96-41CA-972D-BF5777FBC0A4}.Debug|Any CPU.Build.0 = Debug|Any CPU
		{AD49670E-2F96-41CA-972D-BF5777FBC0A4}.Release|Any CPU.ActiveCfg = Release|Any CPU
		{AD49670E-2F96-41CA-972D-BF5777FBC0A4}.Release|Any CPU.Build.0 = Release|Any CPU
		{3F14A690-AAFC-48BE-AC9D-DE3DE7090B5A}.Debug|Any CPU.ActiveCfg = Debug|Any CPU
		{3F14A690-AAFC-48BE-AC9D-DE3DE7090B5A}.Debug|Any CPU.Build.0 = Debug|Any CPU
		{3F14A690-AAFC-48BE-AC9D-DE3DE7090B5A}.Release|Any CPU.ActiveCfg = Release|Any CPU
		{3F14A690-AAFC-48BE-AC9D-DE3DE7090B5A}.Release|Any CPU.Build.0 = Release|Any CPU
		{549114E4-DA7A-49E6-8DC0-6C707071CBB6}.Debug|Any CPU.ActiveCfg = Debug|Any CPU
		{549114E4-DA7A-49E6-8DC0-6C707071CBB6}.Debug|Any CPU.Build.0 = Debug|Any CPU
		{549114E4-DA7A-49E6-8DC0-6C707071CBB6}.Release|Any CPU.ActiveCfg = Release|Any CPU
		{549114E4-DA7A-49E6-8DC0-6C707071CBB6}.Release|Any CPU.Build.0 = Release|Any CPU
		{44B43225-F4DF-40CE-8695-64EC49998766}.Debug|Any CPU.ActiveCfg = Debug|Any CPU
		{44B43225-F4DF-40CE-8695-64EC49998766}.Debug|Any CPU.Build.0 = Debug|Any CPU
		{44B43225-F4DF-40CE-8695-64EC49998766}.Release|Any CPU.ActiveCfg = Release|Any CPU
		{44B43225-F4DF-40CE-8695-64EC49998766}.Release|Any CPU.Build.0 = Release|Any CPU
	EndGlobalSection
	GlobalSection(SolutionProperties) = preSolution
		HideSolutionNode = FALSE
	EndGlobalSection
	GlobalSection(NestedProjects) = preSolution
		{7379DC04-7CC9-47A9-AD17-C130876D40AD} = {F69F28D4-C2EA-47E5-81A5-B2C67155B97E}
		{E603CEA5-3AB1-40E3-A13E-D020E2B34BB9} = {F69F28D4-C2EA-47E5-81A5-B2C67155B97E}
		{2D410E26-9A37-47E2-8610-3B4CEC2AABF0} = {F69F28D4-C2EA-47E5-81A5-B2C67155B97E}
		{AD6707F3-7E6C-4C3F-BFDF-E60EB70794A8} = {F69F28D4-C2EA-47E5-81A5-B2C67155B97E}
		{86ED3B9A-346F-4502-8FE7-1382DBEAB00A} = {F69F28D4-C2EA-47E5-81A5-B2C67155B97E}
		{08406260-C82E-4866-B36F-54E5033BEDA7} = {F69F28D4-C2EA-47E5-81A5-B2C67155B97E}
		{552127F2-998A-43E9-8FB2-2FE92AC71ED6} = {E603CEA5-3AB1-40E3-A13E-D020E2B34BB9}
		{AA49D98E-9AC2-4CCA-96E9-50F8C66B683B} = {2D410E26-9A37-47E2-8610-3B4CEC2AABF0}
		{0F019A82-6EC0-464F-9003-18B9BC7EF17E} = {E603CEA5-3AB1-40E3-A13E-D020E2B34BB9}
		{AD49670E-2F96-41CA-972D-BF5777FBC0A4} = {0F019A82-6EC0-464F-9003-18B9BC7EF17E}
		{3F14A690-AAFC-48BE-AC9D-DE3DE7090B5A} = {E603CEA5-3AB1-40E3-A13E-D020E2B34BB9}
		{549114E4-DA7A-49E6-8DC0-6C707071CBB6} = {E603CEA5-3AB1-40E3-A13E-D020E2B34BB9}
		{44B43225-F4DF-40CE-8695-64EC49998766} = {A33229DF-8A8F-4401-A5BB-F28E46783720}
	EndGlobalSection
	GlobalSection(ExtensibilityGlobals) = postSolution
		SolutionGuid = {B9290A08-E4BC-47C8-8DBC-D681FB3399D4}
	EndGlobalSection
EndGlobal
